
Microsoft Visual Studio Solution File, Format Version 12.00
# Visual Studio 15
VisualStudioVersion = 15.0.28307.421
MinimumVisualStudioVersion = 10.0.40219.1
Project("{2150E333-8FDC-42A3-9474-1A3956D46DE8}") = "Polynom", "Polynom", "{6D054A3F-5765-4283-A9A0-8FB76F2E3ABD}"
EndProject
Project("{FAE04EC0-301F-11D3-BF4B-00C04F79EFBC}") = "Polynominal", "Polynominal\Polynominal.csproj", "{E7EF598D-0806-471F-8F91-B5018BEB68CD}"
EndProject
Project("{FAE04EC0-301F-11D3-BF4B-00C04F79EFBC}") = "TestPolynominal", "TestPolynominal\TestPolynominal.csproj", "{791E965B-CA71-47B4-9F7C-1FFCBE2E97F5}"
EndProject
Global
	GlobalSection(SolutionConfigurationPlatforms) = preSolution
		Debug|Any CPU = Debug|Any CPU
		Release|Any CPU = Release|Any CPU
	EndGlobalSection
	GlobalSection(ProjectConfigurationPlatforms) = postSolution
		{E7EF598D-0806-471F-8F91-B5018BEB68CD}.Debug|Any CPU.ActiveCfg = Debug|Any CPU
		{E7EF598D-0806-471F-8F91-B5018BEB68CD}.Debug|Any CPU.Build.0 = Debug|Any CPU
		{E7EF598D-0806-471F-8F91-B5018BEB68CD}.Release|Any CPU.ActiveCfg = Release|Any CPU
		{E7EF598D-0806-471F-8F91-B5018BEB68CD}.Release|Any CPU.Build.0 = Release|Any CPU
		{791E965B-CA71-47B4-9F7C-1FFCBE2E97F5}.Debug|Any CPU.ActiveCfg = Debug|Any CPU
		{791E965B-CA71-47B4-9F7C-1FFCBE2E97F5}.Debug|Any CPU.Build.0 = Debug|Any CPU
		{791E965B-CA71-47B4-9F7C-1FFCBE2E97F5}.Release|Any CPU.ActiveCfg = Release|Any CPU
		{791E965B-CA71-47B4-9F7C-1FFCBE2E97F5}.Release|Any CPU.Build.0 = Release|Any CPU
	EndGlobalSection
	GlobalSection(SolutionProperties) = preSolution
		HideSolutionNode = FALSE
	EndGlobalSection
	GlobalSection(NestedProjects) = preSolution
		{E7EF598D-0806-471F-8F91-B5018BEB68CD} = {6D054A3F-5765-4283-A9A0-8FB76F2E3ABD}
		{791E965B-CA71-47B4-9F7C-1FFCBE2E97F5} = {6D054A3F-5765-4283-A9A0-8FB76F2E3ABD}
	EndGlobalSection
	GlobalSection(ExtensibilityGlobals) = postSolution
		SolutionGuid = {062C6418-066A-4177-AEE3-2DE0EE26B34E}
	EndGlobalSection
EndGlobal
